{
  "name": "com.govee.developer",
  "version": "1.0.0",
  "lockfileVersion": 2,
  "requires": true,
  "packages": {
    "": {
      "name": "com.govee.developer",
      "version": "1.0.0",
      "dependencies": {
        "govee-lan-control": "^3.0.2",
        "isomorphic-unfetch": "^3.1.0",
        "tinycolor2": "^1.4.2"
      },
      "devDependencies": {
        "@types/homey": "npm:homey-apps-sdk-v3-types@^0.2.2"
      }
    },
    "node_modules/@types/homey": {
      "name": "homey-apps-sdk-v3-types",
      "version": "0.2.2",
      "resolved": "https://registry.npmjs.org/homey-apps-sdk-v3-types/-/homey-apps-sdk-v3-types-0.2.2.tgz",
      "integrity": "sha512-FS0ahnOTs3e5BBlL/q8dD/mFcoCZeqH+BIrjZ4krQjybpAvyDA0cqQm9ROUxNbcUoVVNStCEBJEooSvJR1HSmg==",
      "dev": true,
      "dependencies": {
        "@types/node": "^14.14.20"
      }
    },
    "node_modules/@types/node": {
      "version": "14.17.9",
      "resolved": "https://registry.npmjs.org/@types/node/-/node-14.17.9.tgz",
      "integrity": "sha512-CMjgRNsks27IDwI785YMY0KLt3co/c0cQ5foxHYv/shC2w8oOnVwz5Ubq1QG5KzrcW+AXk6gzdnxIkDnTvzu3g==",
      "dev": true
    },
    "node_modules/color-convert": {
      "version": "2.0.1",
      "resolved": "https://registry.npmjs.org/color-convert/-/color-convert-2.0.1.tgz",
      "integrity": "sha512-RRECPsj7iu/xb5oKYcsFHSppFNnsj/52OVTRKb4zP5onXwVF3zVmmToNcOfGC+CRDpfK/U584fMg38ZHCaElKQ==",
      "dependencies": {
        "color-name": "~1.1.4"
      },
      "engines": {
        "node": ">=7.0.0"
      }
    },
    "node_modules/color-name": {
      "version": "1.1.4",
      "resolved": "https://registry.npmjs.org/color-name/-/color-name-1.1.4.tgz",
      "integrity": "sha512-dOy+3AuW3a2wNbZHIuMZpTcgjGuLU/uBL/ubcZF9OXbDo8ff4O8yVp5Bf0efS8uEoYo5q4Fx7dY9OgQGXgAsQA=="
    },
    "node_modules/color-temperature": {
      "version": "0.2.7",
      "resolved": "https://registry.npmjs.org/color-temperature/-/color-temperature-0.2.7.tgz",
      "integrity": "sha512-hFuGKuSBO4V2+AY4KAUvPr3fnNgfgSR1Kf3P1zp80t+zJF0Y37Z1VW2HZIPN90g29NkrlZK5ATIrDul7PCJYZA=="
    },
    "node_modules/govee-lan-control": {
      "version": "3.0.2",
      "resolved": "https://registry.npmjs.org/govee-lan-control/-/govee-lan-control-3.0.2.tgz",
      "integrity": "sha512-Y+qI6dlJ9zjc6W5goAk387rrMrewrxnVhQK3hJ86vbjq7MY/+Pvbbhg582NdWdC6o2Qen3r9v5zUEilmNuDJeQ==",
      "dependencies": {
        "color-convert": "^2.0.1",
        "color-temperature": "^0.2.7"
      },
      "engines": {
        "node": ">= 7"
      }
    },
    "node_modules/isomorphic-unfetch": {
      "version": "3.1.0",
      "resolved": "https://registry.npmjs.org/isomorphic-unfetch/-/isomorphic-unfetch-3.1.0.tgz",
      "integrity": "sha512-geDJjpoZ8N0kWexiwkX8F9NkTsXhetLPVbZFQ+JTW239QNOwvB0gniuR1Wc6f0AMTn7/mFGyXvHTifrCp/GH8Q==",
      "dependencies": {
        "node-fetch": "^2.6.1",
        "unfetch": "^4.2.0"
      }
    },
    "node_modules/node-fetch": {
      "version": "2.6.1",
      "resolved": "https://registry.npmjs.org/node-fetch/-/node-fetch-2.6.1.tgz",
      "integrity": "sha512-V4aYg89jEoVRxRb2fJdAg8FHvI7cEyYdVAh94HH0UIK8oJxUfkjlDQN9RbMx+bEjP7+ggMiFRprSti032Oipxw==",
      "engines": {
        "node": "4.x || >=6.0.0"
      }
    },
    "node_modules/tinycolor2": {
      "version": "1.4.2",
      "resolved": "https://registry.npmjs.org/tinycolor2/-/tinycolor2-1.4.2.tgz",
      "integrity": "sha512-vJhccZPs965sV/L2sU4oRQVAos0pQXwsvTLkWYdqJ+a8Q5kPFzJTuOFwy7UniPli44NKQGAglksjvOcpo95aZA==",
      "engines": {
        "node": "*"
      }
    },
    "node_modules/unfetch": {
      "version": "4.2.0",
      "resolved": "https://registry.npmjs.org/unfetch/-/unfetch-4.2.0.tgz",
      "integrity": "sha512-F9p7yYCn6cIW9El1zi0HI6vqpeIvBsr3dSuRO6Xuppb1u5rXpCPmMvLSyECLhybr9isec8Ohl0hPekMVrEinDA=="
    }
  },
  "dependencies": {
    "@types/homey": {
      "version": "npm:homey-apps-sdk-v3-types@0.2.2",
      "resolved": "https://registry.npmjs.org/homey-apps-sdk-v3-types/-/homey-apps-sdk-v3-types-0.2.2.tgz",
      "integrity": "sha512-FS0ahnOTs3e5BBlL/q8dD/mFcoCZeqH+BIrjZ4krQjybpAvyDA0cqQm9ROUxNbcUoVVNStCEBJEooSvJR1HSmg==",
      "dev": true,
      "requires": {
        "@types/node": "^14.14.20"
      }
    },
    "@types/node": {
      "version": "14.17.9",
      "resolved": "https://registry.npmjs.org/@types/node/-/node-14.17.9.tgz",
      "integrity": "sha512-CMjgRNsks27IDwI785YMY0KLt3co/c0cQ5foxHYv/shC2w8oOnVwz5Ubq1QG5KzrcW+AXk6gzdnxIkDnTvzu3g==",
      "dev": true
    },
    "color-convert": {
      "version": "2.0.1",
      "resolved": "https://registry.npmjs.org/color-convert/-/color-convert-2.0.1.tgz",
      "integrity": "sha512-RRECPsj7iu/xb5oKYcsFHSppFNnsj/52OVTRKb4zP5onXwVF3zVmmToNcOfGC+CRDpfK/U584fMg38ZHCaElKQ==",
      "requires": {
        "color-name": "~1.1.4"
      }
    },
    "color-name": {
      "version": "1.1.4",
      "resolved": "https://registry.npmjs.org/color-name/-/color-name-1.1.4.tgz",
      "integrity": "sha512-dOy+3AuW3a2wNbZHIuMZpTcgjGuLU/uBL/ubcZF9OXbDo8ff4O8yVp5Bf0efS8uEoYo5q4Fx7dY9OgQGXgAsQA=="
    },
    "color-temperature": {
      "version": "0.2.7",
      "resolved": "https://registry.npmjs.org/color-temperature/-/color-temperature-0.2.7.tgz",
      "integrity": "sha512-hFuGKuSBO4V2+AY4KAUvPr3fnNgfgSR1Kf3P1zp80t+zJF0Y37Z1VW2HZIPN90g29NkrlZK5ATIrDul7PCJYZA=="
    },
    "govee-lan-control": {
      "version": "3.0.2",
      "resolved": "https://registry.npmjs.org/govee-lan-control/-/govee-lan-control-3.0.2.tgz",
      "integrity": "sha512-Y+qI6dlJ9zjc6W5goAk387rrMrewrxnVhQK3hJ86vbjq7MY/+Pvbbhg582NdWdC6o2Qen3r9v5zUEilmNuDJeQ==",
      "requires": {
        "color-convert": "^2.0.1",
        "color-temperature": "^0.2.7"
      }
    },
    "isomorphic-unfetch": {
      "version": "3.1.0",
      "resolved": "https://registry.npmjs.org/isomorphic-unfetch/-/isomorphic-unfetch-3.1.0.tgz",
      "integrity": "sha512-geDJjpoZ8N0kWexiwkX8F9NkTsXhetLPVbZFQ+JTW239QNOwvB0gniuR1Wc6f0AMTn7/mFGyXvHTifrCp/GH8Q==",
      "requires": {
        "node-fetch": "^2.6.1",
        "unfetch": "^4.2.0"
      }
    },
    "node-fetch": {
      "version": "2.6.1",
      "resolved": "https://registry.npmjs.org/node-fetch/-/node-fetch-2.6.1.tgz",
      "integrity": "sha512-V4aYg89jEoVRxRb2fJdAg8FHvI7cEyYdVAh94HH0UIK8oJxUfkjlDQN9RbMx+bEjP7+ggMiFRprSti032Oipxw=="
    },
    "tinycolor2": {
      "version": "1.4.2",
      "resolved": "https://registry.npmjs.org/tinycolor2/-/tinycolor2-1.4.2.tgz",
      "integrity": "sha512-vJhccZPs965sV/L2sU4oRQVAos0pQXwsvTLkWYdqJ+a8Q5kPFzJTuOFwy7UniPli44NKQGAglksjvOcpo95aZA=="
    },
    "unfetch": {
      "version": "4.2.0",
      "resolved": "https://registry.npmjs.org/unfetch/-/unfetch-4.2.0.tgz",
      "integrity": "sha512-F9p7yYCn6cIW9El1zi0HI6vqpeIvBsr3dSuRO6Xuppb1u5rXpCPmMvLSyECLhybr9isec8Ohl0hPekMVrEinDA=="
    }
  }
}
